{
  "name": "@deepseek-ai/dsh-manager",
  "version": "0.7.0",
  "lockfileVersion": 3,
  "requires": true,
  "packages": {
    "": {
      "name": "@deepseek-ai/dsh-manager",
      "version": "0.7.0",
      "license": "MIT",
      "dependencies": {
        "pinyin-pro": "^3.29.2"
      },
      "engines": {
        "node": "^22.19.0 || >=24.0.0"
      },
      "peerDependencies": {
        "@deepseek-ai/cordis": "*",
        "@deepseek-ai/dsh-client-locale": "*",
        "@deepseek-ai/dsh-client-ui-slots": "*",
        "@deepseek-ai/dsh-client-ui-workspace": "*",
        "react": "^18.2.0"
      }
    },
    "node_modules/pinyin-pro": {
      "version": "3.29.2",
      "resolved": "https://registry.npmjs.org/pinyin-pro/-/pinyin-pro-3.29.2.tgz",
      "integrity": "sha512-L2AemHDHVFIgr207HFdjiU+4i8Hu15kcHX0Ab5iZCWH0NDmX404tyCQ06kglotGpqOLXNst2NK/A2K8qdC301Q==",
      "license": "MIT"
    }
  }
}
